
Microsoft Visual Studio Solution File, Format Version 12.00
# Visual Studio Version 17
VisualStudioVersion = 17.0.32014.148
MinimumVisualStudioVersion = 10.0.40219.1
Project("{9A19103F-16F7-4668-BE54-9A1E7A4F7556}") = "TheWeatherApp.Api", "TheWeatherApp.Api\TheWeatherApp.Api.csproj", "{877652AF-1737-4C7C-A9EF-8ACDD9D941AE}"
EndProject
Project("{2150E333-8FDC-42A3-9474-1A3956D46DE8}") = "Solution Items", "Solution Items", "{1A8D382C-74A3-4323-A194-3A7BF2C52916}"
	ProjectSection(SolutionItems) = preProject
		.editorconfig = .editorconfig
	EndProjectSection
EndProject
Project("{FAE04EC0-301F-11D3-BF4B-00C04F79EFBC}") = "TheWeatherApp.Api.Tests", "TheWeatherApp.Api.Tests\TheWeatherApp.Api.Tests.csproj", "{14833215-B07A-499C-84EA-18EE5F554028}"
EndProject
Global
	GlobalSection(SolutionConfigurationPlatforms) = preSolution
		Debug|Any CPU = Debug|Any CPU
		Release|Any CPU = Release|Any CPU
	EndGlobalSection
	GlobalSection(ProjectConfigurationPlatforms) = postSolution
		{877652AF-1737-4C7C-A9EF-8ACDD9D941AE}.Debug|Any CPU.ActiveCfg = Debug|Any CPU
		{877652AF-1737-4C7C-A9EF-8ACDD9D941AE}.Debug|Any CPU.Build.0 = Debug|Any CPU
		{877652AF-1737-4C7C-A9EF-8ACDD9D941AE}.Release|Any CPU.ActiveCfg = Release|Any CPU
		{877652AF-1737-4C7C-A9EF-8ACDD9D941AE}.Release|Any CPU.Build.0 = Release|Any CPU
		{14833215-B07A-499C-84EA-18EE5F554028}.Debug|Any CPU.ActiveCfg = Debug|Any CPU
		{14833215-B07A-499C-84EA-18EE5F554028}.Debug|Any CPU.Build.0 = Debug|Any CPU
		{14833215-B07A-499C-84EA-18EE5F554028}.Release|Any CPU.ActiveCfg = Release|Any CPU
		{14833215-B07A-499C-84EA-18EE5F554028}.Release|Any CPU.Build.0 = Release|Any CPU
	EndGlobalSection
	GlobalSection(SolutionProperties) = preSolution
		HideSolutionNode = FALSE
	EndGlobalSection
	GlobalSection(ExtensibilityGlobals) = postSolution
		SolutionGuid = {4662DBA7-C2C2-45A0-A43F-11A4883E9C67}
	EndGlobalSection
EndGlobal
